# This file is generated by running "yarn install" inside your project.
# Manual changes might be lost - proceed with caution!

__metadata:
  version: 8
  cacheKey: 10c0

"husky@npm:^8.0.1":
  version: 8.0.1
  resolution: "husky@npm:8.0.1"
  bin:
    husky: lib/bin.js
  checksum: 10c0/58c0e87c37f0aaea4e0ea02499444df11adb9ec182fd42735385045b51a55cbdcca48afeea337801e50435fbeb0e77c57c2b430695663774afb279bb0e8aa25f
  languageName: node
  linkType: hard

"root-workspace-0b6124@workspace:.":
  version: 0.0.0-use.local
  resolution: "root-workspace-0b6124@workspace:."
  dependencies:
    husky: "npm:^8.0.1"
  languageName: unknown
  linkType: soft
